
Microsoft Visual Studio Solution File, Format Version 12.00
# Visual Studio Version 16
VisualStudioVersion = 16.0.31205.134
MinimumVisualStudioVersion = 10.0.40219.1
Project("{FAE04EC0-301F-11D3-BF4B-00C04F79EFBC}") = "dglambert.CleanCodeDataStructuresVsObjects", "dglambert.CleanCodeDataStructuresVsObjects\dglambert.CleanCodeDataStructuresVsObjects.csproj", "{31229D08-4708-4244-B2C9-99D7F75882C4}"
EndProject
Global
	GlobalSection(SolutionConfigurationPlatforms) = preSolution
		Debug|Any CPU = Debug|Any CPU
		Release|Any CPU = Release|Any CPU
	EndGlobalSection
	GlobalSection(ProjectConfigurationPlatforms) = postSolution
		{31229D08-4708-4244-B2C9-99D7F75882C4}.Debug|Any CPU.ActiveCfg = Debug|Any CPU
		{31229D08-4708-4244-B2C9-99D7F75882C4}.Debug|Any CPU.Build.0 = Debug|Any CPU
		{31229D08-4708-4244-B2C9-99D7F75882C4}.Release|Any CPU.ActiveCfg = Release|Any CPU
		{31229D08-4708-4244-B2C9-99D7F75882C4}.Release|Any CPU.Build.0 = Release|Any CPU
	EndGlobalSection
	GlobalSection(SolutionProperties) = preSolution
		HideSolutionNode = FALSE
	EndGlobalSection
	GlobalSection(ExtensibilityGlobals) = postSolution
		SolutionGuid = {4F2A3100-C2FE-4000-8410-E776E1DD4FBE}
	EndGlobalSection
EndGlobal
